<?xml version="1.0" encoding="utf-8"?>
<Project ToolsVersion="4.0" xmlns="http://schemas.microsoft.com/developer/msbuild/2003">
  <ItemGroup>
    <Filter Include="소스 파일">
      <UniqueIdentifier>{4FC737F1-C7A5-4376-A066-2A32D752A2FF}</UniqueIdentifier>
      <Extensions>cpp;c;cc;cxx;def;odl;idl;hpj;bat;asm;asmx</Extensions>
    </Filter>
    <Filter Include="헤더 파일">
      <UniqueIdentifier>{93995380-89BD-4b04-88EB-625FBE52EBFB}</UniqueIdentifier>
      <Extensions>h;hh;hpp;hxx;hm;inl;inc;ipp;xsd</Extensions>
    </Filter>
    <Filter Include="리소스 파일">
      <UniqueIdentifier>{67DA6AB6-F800-4c08-8B7A-83BB121AAD01}</UniqueIdentifier>
      <Extensions>rc;ico;cur;bmp;dlg;rc2;rct;bin;rgs;gif;jpg;jpeg;jpe;resx;tiff;tif;png;wav;mfcribbon-ms</Extensions>
    </Filter>
    <Filter Include="소스 파일\D3~6">
      <UniqueIdentifier>{33487be5-8559-454c-b239-497dbbaf4484}</UniqueIdentifier>
    </Filter>
    <Filter Include="소스 파일\D1~2">
      <UniqueIdentifier>{7db44b05-2d88-4837-88ae-1a768481c46c}</UniqueIdentifier>
    </Filter>
  </ItemGroup>
  <ItemGroup>
    <ClCompile Include="SW_8458.cpp">
      <Filter>소스 파일</Filter>
    </ClCompile>
    <ClCompile Include="SW_8104.cpp">
      <Filter>소스 파일</Filter>
    </ClCompile>
    <ClCompile Include="SW_2072.cpp">
      <Filter>소스 파일\D1~2</Filter>
    </ClCompile>
    <ClCompile Include="SW_1217.cpp">
      <Filter>소스 파일\D3~6</Filter>
    </ClCompile>
    <ClCompile Include="BlackChain.cpp">
      <Filter>소스 파일</Filter>
    </ClCompile>
    <ClCompile Include="SW_8741.cpp">
      <Filter>소스 파일\D3~6</Filter>
    </ClCompile>
    <ClCompile Include="SW_7466.cpp">
      <Filter>소스 파일\D3~6</Filter>
    </ClCompile>
    <ClCompile Include="SW_8658.cpp">
      <Filter>소스 파일\D3~6</Filter>
    </ClCompile>
    <ClCompile Include="SW_8821.cpp">
      <Filter>소스 파일</Filter>
    </ClCompile>
    <ClCompile Include="..\..\..\Algorithm_solve\Algorithm_solve\16562.cpp">
      <Filter>소스 파일</Filter>
    </ClCompile>
    <ClCompile Include="..\..\..\Algorithm_solve\Algorithm_solve\16916.cpp">
      <Filter>소스 파일</Filter>
    </ClCompile>
    <ClCompile Include="..\..\..\Algorithm_solve\Algorithm_solve\17298.cpp">
      <Filter>소스 파일</Filter>
    </ClCompile>
    <ClCompile Include="..\..\..\Algorithm_solve\Algorithm_solve\bfs_test.cpp">
      <Filter>소스 파일</Filter>
    </ClCompile>
    <ClCompile Include="..\..\..\Algorithm_solve\Algorithm_solve\binary_tree.cpp">
      <Filter>소스 파일</Filter>
    </ClCompile>
    <ClCompile Include="..\..\..\Algorithm_solve\Algorithm_solve\hash_test.cpp">
      <Filter>소스 파일</Filter>
    </ClCompile>
    <ClCompile Include="..\..\..\Algorithm_solve\Algorithm_solve\list.cpp">
      <Filter>소스 파일</Filter>
    </ClCompile>
    <ClCompile Include="..\..\..\Algorithm_solve\Algorithm_solve\matrix.cpp">
      <Filter>소스 파일</Filter>
    </ClCompile>
    <ClCompile Include="..\..\..\Algorithm_solve\Algorithm_solve\myStack.cpp">
      <Filter>소스 파일</Filter>
    </ClCompile>
    <ClCompile Include="..\..\..\Algorithm_solve\Algorithm_solve\quick.cpp">
      <Filter>소스 파일</Filter>
    </ClCompile>
    <ClCompile Include="..\..\..\Algorithm_solve\Algorithm_solve\temp.cpp">
      <Filter>소스 파일</Filter>
    </ClCompile>
    <ClCompile Include="..\..\..\Algorithm_solve\Algorithm_solve\1251.cpp">
      <Filter>소스 파일</Filter>
    </ClCompile>
    <ClCompile Include="..\..\..\Algorithm_solve\Algorithm_solve\1275.cpp">
      <Filter>소스 파일</Filter>
    </ClCompile>
    <ClCompile Include="..\..\..\Algorithm_solve\Algorithm_solve\1309.cpp">
      <Filter>소스 파일</Filter>
    </ClCompile>
    <ClCompile Include="..\..\..\Algorithm_solve\Algorithm_solve\1325.cpp">
      <Filter>소스 파일</Filter>
    </ClCompile>
    <ClCompile Include="..\..\..\Algorithm_solve\Algorithm_solve\1389.cpp">
      <Filter>소스 파일</Filter>
    </ClCompile>
    <ClCompile Include="..\..\..\Algorithm_solve\Algorithm_solve\1406.cpp">
      <Filter>소스 파일</Filter>
    </ClCompile>
    <ClCompile Include="..\..\..\Algorithm_solve\Algorithm_solve\1463.cpp">
      <Filter>소스 파일</Filter>
    </ClCompile>
    <ClCompile Include="..\..\..\Algorithm_solve\Algorithm_solve\1517.cpp">
      <Filter>소스 파일</Filter>
    </ClCompile>
    <ClCompile Include="..\..\..\Algorithm_solve\Algorithm_solve\1605.cpp">
      <Filter>소스 파일</Filter>
    </ClCompile>
    <ClCompile Include="..\..\..\Algorithm_solve\Algorithm_solve\1644.cpp">
      <Filter>소스 파일</Filter>
    </ClCompile>
    <ClCompile Include="..\..\..\Algorithm_solve\Algorithm_solve\1654.cpp">
      <Filter>소스 파일</Filter>
    </ClCompile>
    <ClCompile Include="..\..\..\Algorithm_solve\Algorithm_solve\1697.cpp">
      <Filter>소스 파일</Filter>
    </ClCompile>
    <ClCompile Include="..\..\..\Algorithm_solve\Algorithm_solve\1753.cpp">
      <Filter>소스 파일</Filter>
    </ClCompile>
    <ClCompile Include="..\..\..\Algorithm_solve\Algorithm_solve\1890.cpp">
      <Filter>소스 파일</Filter>
    </ClCompile>
    <ClCompile Include="..\..\..\Algorithm_solve\Algorithm_solve\1916.cpp">
      <Filter>소스 파일</Filter>
    </ClCompile>
    <ClCompile Include="..\..\..\Algorithm_solve\Algorithm_solve\1920.cpp">
      <Filter>소스 파일</Filter>
    </ClCompile>
    <ClCompile Include="..\..\..\Algorithm_solve\Algorithm_solve\1929.cpp">
      <Filter>소스 파일</Filter>
    </ClCompile>
    <ClCompile Include="..\..\..\Algorithm_solve\Algorithm_solve\1939.cpp">
      <Filter>소스 파일</Filter>
    </ClCompile>
    <ClCompile Include="..\..\..\Algorithm_solve\Algorithm_solve\1958.cpp">
      <Filter>소스 파일</Filter>
    </ClCompile>
    <ClCompile Include="..\..\..\Algorithm_solve\Algorithm_solve\1963.cpp">
      <Filter>소스 파일</Filter>
    </ClCompile>
    <ClCompile Include="..\..\..\Algorithm_solve\Algorithm_solve\1965.cpp">
      <Filter>소스 파일</Filter>
    </ClCompile>
    <ClCompile Include="..\..\..\Algorithm_solve\Algorithm_solve\1976.cpp">
      <Filter>소스 파일</Filter>
    </ClCompile>
    <ClCompile Include="..\..\..\Algorithm_solve\Algorithm_solve\1978.cpp">
      <Filter>소스 파일</Filter>
    </ClCompile>
    <ClCompile Include="..\..\..\Algorithm_solve\Algorithm_solve\2003.cpp">
      <Filter>소스 파일</Filter>
    </ClCompile>
    <ClCompile Include="..\..\..\Algorithm_solve\Algorithm_solve\2042.cpp">
      <Filter>소스 파일</Filter>
    </ClCompile>
    <ClCompile Include="..\..\..\Algorithm_solve\Algorithm_solve\2110.cpp">
      <Filter>소스 파일</Filter>
    </ClCompile>
    <ClCompile Include="..\..\..\Algorithm_solve\Algorithm_solve\2146.cpp">
      <Filter>소스 파일</Filter>
    </ClCompile>
    <ClCompile Include="..\..\..\Algorithm_solve\Algorithm_solve\2206.cpp">
      <Filter>소스 파일</Filter>
    </ClCompile>
    <ClCompile Include="..\..\..\Algorithm_solve\Algorithm_solve\2210.cpp">
      <Filter>소스 파일</Filter>
    </ClCompile>
    <ClCompile Include="..\..\..\Algorithm_solve\Algorithm_solve\2251.cpp">
      <Filter>소스 파일</Filter>
    </ClCompile>
    <ClCompile Include="..\..\..\Algorithm_solve\Algorithm_solve\2268.cpp">
      <Filter>소스 파일</Filter>
    </ClCompile>
    <ClCompile Include="..\..\..\Algorithm_solve\Algorithm_solve\2352.cpp">
      <Filter>소스 파일</Filter>
    </ClCompile>
    <ClCompile Include="..\..\..\Algorithm_solve\Algorithm_solve\2357.cpp">
      <Filter>소스 파일</Filter>
    </ClCompile>
    <ClCompile Include="..\..\..\Algorithm_solve\Algorithm_solve\2437.cpp">
      <Filter>소스 파일</Filter>
    </ClCompile>
    <ClCompile Include="..\..\..\Algorithm_solve\Algorithm_solve\2470_2467.cpp">
      <Filter>소스 파일</Filter>
    </ClCompile>
    <ClCompile Include="..\..\..\Algorithm_solve\Algorithm_solve\2512.cpp">
      <Filter>소스 파일</Filter>
    </ClCompile>
    <ClCompile Include="..\..\..\Algorithm_solve\Algorithm_solve\2565.cpp">
      <Filter>소스 파일</Filter>
    </ClCompile>
    <ClCompile Include="..\..\..\Algorithm_solve\Algorithm_solve\2573.cpp">
      <Filter>소스 파일</Filter>
    </ClCompile>
    <ClCompile Include="..\..\..\Algorithm_solve\Algorithm_solve\2579.cpp">
      <Filter>소스 파일</Filter>
    </ClCompile>
    <ClCompile Include="..\..\..\Algorithm_solve\Algorithm_solve\2606.cpp">
      <Filter>소스 파일</Filter>
    </ClCompile>
    <ClCompile Include="..\..\..\Algorithm_solve\Algorithm_solve\2644.cpp">
      <Filter>소스 파일</Filter>
    </ClCompile>
    <ClCompile Include="..\..\..\Algorithm_solve\Algorithm_solve\2666.cpp">
      <Filter>소스 파일</Filter>
    </ClCompile>
    <ClCompile Include="..\..\..\Algorithm_solve\Algorithm_solve\2667.cpp">
      <Filter>소스 파일</Filter>
    </ClCompile>
    <ClCompile Include="..\..\..\Algorithm_solve\Algorithm_solve\2751.cpp">
      <Filter>소스 파일</Filter>
    </ClCompile>
    <ClCompile Include="..\..\..\Algorithm_solve\Algorithm_solve\2755.cpp">
      <Filter>소스 파일</Filter>
    </ClCompile>
    <ClCompile Include="..\..\..\Algorithm_solve\Algorithm_solve\2776.cpp">
      <Filter>소스 파일</Filter>
    </ClCompile>
    <ClCompile Include="..\..\..\Algorithm_solve\Algorithm_solve\2805.cpp">
      <Filter>소스 파일</Filter>
    </ClCompile>
    <ClCompile Include="..\..\..\Algorithm_solve\Algorithm_solve\3033.cpp">
      <Filter>소스 파일</Filter>
    </ClCompile>
    <ClCompile Include="..\..\..\Algorithm_solve\Algorithm_solve\3187.cpp">
      <Filter>소스 파일</Filter>
    </ClCompile>
    <ClCompile Include="..\..\..\Algorithm_solve\Algorithm_solve\3986.cpp">
      <Filter>소스 파일</Filter>
    </ClCompile>
    <ClCompile Include="..\..\..\Algorithm_solve\Algorithm_solve\4485.cpp">
      <Filter>소스 파일</Filter>
    </ClCompile>
    <ClCompile Include="..\..\..\Algorithm_solve\Algorithm_solve\5567.cpp">
      <Filter>소스 파일</Filter>
    </ClCompile>
    <ClCompile Include="..\..\..\Algorithm_solve\Algorithm_solve\5582.cpp">
      <Filter>소스 파일</Filter>
    </ClCompile>
    <ClCompile Include="..\..\..\Algorithm_solve\Algorithm_solve\6236.cpp">
      <Filter>소스 파일</Filter>
    </ClCompile>
    <ClCompile Include="..\..\..\Algorithm_solve\Algorithm_solve\6549.cpp">
      <Filter>소스 파일</Filter>
    </ClCompile>
    <ClCompile Include="..\..\..\Algorithm_solve\Algorithm_solve\7567.cpp">
      <Filter>소스 파일</Filter>
    </ClCompile>
    <ClCompile Include="..\..\..\Algorithm_solve\Algorithm_solve\7795.cpp">
      <Filter>소스 파일</Filter>
    </ClCompile>
    <ClCompile Include="..\..\..\Algorithm_solve\Algorithm_solve\9020.cpp">
      <Filter>소스 파일</Filter>
    </ClCompile>
    <ClCompile Include="..\..\..\Algorithm_solve\Algorithm_solve\9095.cpp">
      <Filter>소스 파일</Filter>
    </ClCompile>
    <ClCompile Include="..\..\..\Algorithm_solve\Algorithm_solve\9237.cpp">
      <Filter>소스 파일</Filter>
    </ClCompile>
    <ClCompile Include="..\..\..\Algorithm_solve\Algorithm_solve\9251.cpp">
      <Filter>소스 파일</Filter>
    </ClCompile>
    <ClCompile Include="..\..\..\Algorithm_solve\Algorithm_solve\9252.cpp">
      <Filter>소스 파일</Filter>
    </ClCompile>
    <ClCompile Include="..\..\..\Algorithm_solve\Algorithm_solve\10026.cpp">
      <Filter>소스 파일</Filter>
    </ClCompile>
    <ClCompile Include="..\..\..\Algorithm_solve\Algorithm_solve\10282.cpp">
      <Filter>소스 파일</Filter>
    </ClCompile>
    <ClCompile Include="..\..\..\Algorithm_solve\Algorithm_solve\10773.cpp">
      <Filter>소스 파일</Filter>
    </ClCompile>
    <ClCompile Include="..\..\..\Algorithm_solve\Algorithm_solve\10840.cpp">
      <Filter>소스 파일</Filter>
    </ClCompile>
    <ClCompile Include="..\..\..\Algorithm_solve\Algorithm_solve\10844.cpp">
      <Filter>소스 파일</Filter>
    </ClCompile>
    <ClCompile Include="..\..\..\Algorithm_solve\Algorithm_solve\10868.cpp">
      <Filter>소스 파일</Filter>
    </ClCompile>
    <ClCompile Include="..\..\..\Algorithm_solve\Algorithm_solve\10989.cpp">
      <Filter>소스 파일</Filter>
    </ClCompile>
    <ClCompile Include="..\..\..\Algorithm_solve\Algorithm_solve\11437.cpp">
      <Filter>소스 파일</Filter>
    </ClCompile>
    <ClCompile Include="..\..\..\Algorithm_solve\Algorithm_solve\11659.cpp">
      <Filter>소스 파일</Filter>
    </ClCompile>
    <ClCompile Include="..\..\..\Algorithm_solve\Algorithm_solve\11660.cpp">
      <Filter>소스 파일</Filter>
    </ClCompile>
    <ClCompile Include="..\..\..\Algorithm_solve\Algorithm_solve\11725.cpp">
      <Filter>소스 파일</Filter>
    </ClCompile>
    <ClCompile Include="..\..\..\Algorithm_solve\Algorithm_solve\11726.cpp">
      <Filter>소스 파일</Filter>
    </ClCompile>
    <ClCompile Include="..\..\..\Algorithm_solve\Algorithm_solve\11727.cpp">
      <Filter>소스 파일</Filter>
    </ClCompile>
    <ClCompile Include="..\..\..\Algorithm_solve\Algorithm_solve\12837.cpp">
      <Filter>소스 파일</Filter>
    </ClCompile>
    <ClCompile Include="..\..\..\Algorithm_solve\Algorithm_solve\13549.cpp">
      <Filter>소스 파일</Filter>
    </ClCompile>
    <ClCompile Include="..\..\..\Algorithm_solve\Algorithm_solve\16171_16172.cpp">
      <Filter>소스 파일</Filter>
    </ClCompile>
    <ClCompile Include="..\..\..\Algorithm_solve\Algorithm_solve\16198.cpp">
      <Filter>소스 파일</Filter>
    </ClCompile>
    <ClCompile Include="..\..\..\Algorithm_solve\Algorithm_solve\16236.cpp">
      <Filter>소스 파일</Filter>
    </ClCompile>
    <ClCompile Include="..\..\..\Algorithm_solve\Algorithm_solve\16472.cpp">
      <Filter>소스 파일</Filter>
    </ClCompile>
  </ItemGroup>
</Project>